
Microsoft Visual Studio Solution File, Format Version 12.00
# Blend for Visual Studio Version 16
VisualStudioVersion = 16.0.30804.86
MinimumVisualStudioVersion = 10.0.40219.1
Project("{FAE04EC0-301F-11D3-BF4B-00C04F79EFBC}") = "AbsenMg", "AbsenMg\AbsenMg.csproj", "{5C8EFF5A-0045-41DD-8C54-65DEA8C8BB40}"
EndProject
Global
	GlobalSection(SolutionConfigurationPlatforms) = preSolution
		Debug|Any CPU = Debug|Any CPU
		Release|Any CPU = Release|Any CPU
	EndGlobalSection
	GlobalSection(ProjectConfigurationPlatforms) = postSolution
		{5C8EFF5A-0045-41DD-8C54-65DEA8C8BB40}.Debug|Any CPU.ActiveCfg = Debug|Any CPU
		{5C8EFF5A-0045-41DD-8C54-65DEA8C8BB40}.Debug|Any CPU.Build.0 = Debug|Any CPU
		{5C8EFF5A-0045-41DD-8C54-65DEA8C8BB40}.Release|Any CPU.ActiveCfg = Release|Any CPU
		{5C8EFF5A-0045-41DD-8C54-65DEA8C8BB40}.Release|Any CPU.Build.0 = Release|Any CPU
	EndGlobalSection
	GlobalSection(SolutionProperties) = preSolution
		HideSolutionNode = FALSE
	EndGlobalSection
	GlobalSection(ExtensibilityGlobals) = postSolution
		SolutionGuid = {17FA2155-97BE-4CE6-97AD-744750C71F67}
	EndGlobalSection
EndGlobal
